// !$*UTF8*$!
{
	archiveVersion = 1;
	classes = {
	};
	objectVersion = 46;
	objects = {

/* Begin PBXBuildFile section */
		048B39291C999E8700D50563 /* ZKCLineChartView.h in CopyFiles */ = {isa = PBXBuildFile; fileRef = 048B39281C999E8700D50563 /* ZKCLineChartView.h */; };
		048B392B1C999E8700D50563 /* ZKCLineChartView.m in Sources */ = {isa = PBXBuildFile; fileRef = 048B392A1C999E8700D50563 /* ZKCLineChartView.m */; };
/* End PBXBuildFile section */

/* Begin PBXCopyFilesBuildPhase section */
		048B39231C999E8700D50563 /* CopyFiles */ = {
			isa = PBXCopyFilesBuildPhase;
			buildActionMask = 2147483647;
			dstPath = "include/$(PRODUCT_NAME)";
			dstSubfolderSpec = 16;
			files = (
				048B39291C999E8700D50563 /* ZKCLineChartView.h in CopyFiles */,
			);
			runOnlyForDeploymentPostprocessing = 0;
		};
/* End PBXCopyFilesBuildPhase section */

/* Begin PBXFileReference section */
		048B39251C999E8700D50563 /* libZKCLineChartView.a */ = {isa = PBXFileReference; explicitFileType = archive.ar; includeInIndex = 0; path = libZKCLineChartView.a; sourceTree = BUILT_PRODUCTS_DIR; };
		048B39281C999E8700D50563 /* ZKCLineChartView.h */ = {isa = PBXFileReference; lastKnownFileType = sourcecode.c.h; path = ZKCLineChartView.h; sourceTree = "<group>"; };
		048B392A1C999E8700D50563 /* ZKCLineChartView.m */ = {isa = PBXFileReference; lastKnownFileType = sourcecode.c.objc; path = ZKCLineChartView.m; sourceTree = "<group>"; };
/* End PBXFileReference section */

/* Begin PBXFrameworksBuildPhase section */
		048B39221C999E8700D50563 /* Frameworks */ = {
			isa = PBXFrameworksBuildPhase;
			buildActionMask = 2147483647;
			files = (
			);
			runOnlyForDeploymentPostprocessing = 0;
		};
/* End PBXFrameworksBuildPhase section */

/* Begin PBXGroup section */
		048B391C1C999E8700D50563 = {
			isa = PBXGroup;
			children = (
				048B39271C999E8700D50563 /* ZKCLineChartView */,
				048B39261C999E8700D50563 /* Products */,
			);
			sourceTree = "<group>";
		};
		048B39261C999E8700D50563 /* Products */ = {
			isa = PBXGroup;
			children = (
				048B39251C999E8700D50563 /* libZKCLineChartView.a */,
			);
			name = Products;
			sourceTree = "<group>";
		};
		048B39271C999E8700D50563 /* ZKCLineChartView */ = {
			isa = PBXGroup;
			children = (
				048B39281C999E8700D50563 /* ZKCLineChartView.h */,
				048B392A1C999E8700D50563 /* ZKCLineChartView.m */,
			);
			path = ZKCLineChartView;
			sourceTree = "<group>";
		};
/* End PBXGroup section */

/* Begin PBXNativeTarget section */
		048B39241C999E8700D50563 /* ZKCLineChartView */ = {
			isa = PBXNativeTarget;
			buildConfigurationList = 048B392E1C999E8700D50563 /* Build configuration list for PBXNativeTarget "ZKCLineChartView" */;
			buildPhases = (
				048B39211C999E8700D50563 /* Sources */,
				048B39221C999E8700D50563 /* Frameworks */,
				048B39231C999E8700D50563 /* CopyFiles */,
			);
			buildRules = (
			);
			dependencies = (
			);
			name = ZKCLineChartView;
			productName = ZKCLineChartView;
			productReference = 048B39251C999E8700D50563 /* libZKCLineChartView.a */;
			productType = "com.apple.product-type.library.static";
		};
/* End PBXNativeTarget section */

/* Begin PBXProject section */
		048B391D1C999E8700D50563 /* Project object */ = {
			isa = PBXProject;
			attributes = {
				LastUpgradeCheck = 0720;
				ORGANIZATIONNAME = wjc;
				TargetAttributes = {
					048B39241C999E8700D50563 = {
						CreatedOnToolsVersion = 7.2.1;
					};
				};
			};
			buildConfigurationList = 048B39201C999E8700D50563 /* Build configuration list for PBXProject "ZKCLineChartView" */;
			compatibilityVersion = "Xcode 3.2";
			developmentRegion = English;
			hasScannedForEncodings = 0;
			knownRegions = (
				en,
			);
			mainGroup = 048B391C1C999E8700D50563;
			productRefGroup = 048B39261C999E8700D50563 /* Products */;
			projectDirPath = "";
			projectRoot = "";
			targets = (
				048B39241C999E8700D50563 /* ZKCLineChartView */,
			);
		};
/* End PBXProject section */

/* Begin PBXSourcesBuildPhase section */
		048B39211C999E8700D50563 /* Sources */ = {
			isa = PBXSourcesBuildPhase;
			buildActionMask = 2147483647;
			files = (
				048B392B1C999E8700D50563 /* ZKCLineChartView.m in Sources */,
			);
			runOnlyForDeploymentPostprocessing = 0;
		};
/* End PBXSourcesBuildPhase section */

/* Begin XCBuildConfiguration section */
		048B392C1C999E8700D50563 /* Debug */ = {
			isa = XCBuildConfiguration;
			buildSettings = {
				ALWAYS_SEARCH_USER_PATHS = NO;
				CLANG_CXX_LANGUAGE_STANDARD = "gnu++0x";
				CLANG_CXX_LIBRARY = "libc++";
				CLANG_ENABLE_MODULES = YES;
				CLANG_ENABLE_OBJC_ARC = YES;
				CLANG_WARN_BOOL_CONVERSION = YES;
				CLANG_WARN_CONSTANT_CONVERSION = YES;
				CLANG_WARN_DIRECT_OBJC_ISA_USAGE = YES_ERROR;
				CLANG_WARN_EMPTY_BODY = YES;
				CLANG_WARN_ENUM_CONVERSION = YES;
				CLANG_WARN_INT_CONVERSION = YES;
				CLANG_WARN_OBJC_ROOT_CLASS = YES_ERROR;
				CLANG_WARN_UNREACHABLE_CODE = YES;
				CLANG_WARN__DUPLICATE_METHOD_MATCH = YES;
				"CODE_SIGN_IDENTITY[sdk=iphoneos*]" = "iPhone Developer";
				COPY_PHASE_STRIP = NO;
				DEBUG_INFORMATION_FORMAT = dwarf;
				ENABLE_STRICT_OBJC_MSGSEND = YES;
				ENABLE_TESTABILITY = YES;
				GCC_C_LANGUAGE_STANDARD = gnu99;
				GCC_DYNAMIC_NO_PIC = NO;
				GCC_NO_COMMON_BLOCKS = YES;
				GCC_OPTIMIZATION_LEVEL = 0;
				GCC_PREPROCESSOR_DEFINITIONS = (
					"DEBUG=1",
					"$(inherited)",
				);
				GCC_WARN_64_TO_32_BIT_CONVERSION = YES;
				GCC_WARN_ABOUT_RETURN_TYPE = YES_ERROR;
				GCC_WARN_UNDECLARED_SELECTOR = YES;
				GCC_WARN_UNINITIALIZED_AUTOS = YES_AGGRESSIVE;
				GCC_WARN_UNUSED_FUNCTION = YES;
				GCC_WARN_UNUSED_VARIABLE = YES;
				IPHONEOS_DEPLOYMENT_TARGET = 9.2;
				MTL_ENABLE_DEBUG_INFO = YES;
				ONLY_ACTIVE_ARCH = YES;
				SDKROOT = iphoneos;
			};
			name = Debug;
		};
		048B392D1C999E8700D50563 /* Release */ = {
			isa = XCBuildConfiguration;
			buildSettings = {
				ALWAYS_SEARCH_USER_PATHS = NO;
				CLANG_CXX_LANGUAGE_STANDARD = "gnu++0x";
				CLANG_CXX_LIBRARY = "libc++";
				CLANG_ENABLE_MODULES = YES;
				CLANG_ENABLE_OBJC_ARC = YES;
				CLANG_WARN_BOOL_CONVERSION = YES;
				CLANG_WARN_CONSTANT_CONVERSION = YES;
				CLANG_WARN_DIRECT_OBJC_ISA_USAGE = YES_ERROR;
				CLANG_WARN_EMPTY_BODY = YES;
				CLANG_WARN_ENUM_CONVERSION = YES;
				CLANG_WARN_INT_CONVERSION = YES;
				CLANG_WARN_OBJC_ROOT_CLASS = YES_ERROR;
				CLANG_WARN_UNREACHABLE_CODE = YES;
				CLANG_WARN__DUPLICATE_METHOD_MATCH = YES;
				"CODE_SIGN_IDENTITY[sdk=iphoneos*]" = "iPhone Developer";
				COPY_PHASE_STRIP = NO;
				DEBUG_INFORMATION_FORMAT = "dwarf-with-dsym";
				ENABLE_NS_ASSERTIONS = NO;
				ENABLE_STRICT_OBJC_MSGSEND = YES;
				GCC_C_LANGUAGE_STANDARD = gnu99;
				GCC_NO_COMMON_BLOCKS = YES;
				GCC_WARN_64_TO_32_BIT_CONVERSION = YES;
				GCC_WARN_ABOUT_RETURN_TYPE = YES_ERROR;
				GCC_WARN_UNDECLARED_SELECTOR = YES;
				GCC_WARN_UNINITIALIZED_AUTOS = YES_AGGRESSIVE;
				GCC_WARN_UNUSED_FUNCTION = YES;
				GCC_WARN_UNUSED_VARIABLE = YES;
				IPHONEOS_DEPLOYMENT_TARGET = 9.2;
				MTL_ENABLE_DEBUG_INFO = NO;
				SDKROOT = iphoneos;
				VALIDATE_PRODUCT = YES;
			};
			name = Release;
		};
		048B392F1C999E8700D50563 /* Debug */ = {
			isa = XCBuildConfiguration;
			buildSettings = {
				OTHER_LDFLAGS = "-ObjC";
				PRODUCT_NAME = "$(TARGET_NAME)";
				SKIP_INSTALL = YES;
			};
			name = Debug;
		};
		048B39301C999E8700D50563 /* Release */ = {
			isa = XCBuildConfiguration;
			buildSettings = {
				OTHER_LDFLAGS = "-ObjC";
				PRODUCT_NAME = "$(TARGET_NAME)";
				SKIP_INSTALL = YES;
			};
			name = Release;
		};
/* End XCBuildConfiguration section */

/* Begin XCConfigurationList section */
		048B39201C999E8700D50563 /* Build configuration list for PBXProject "ZKCLineChartView" */ = {
			isa = XCConfigurationList;
			buildConfigurations = (
				048B392C1C999E8700D50563 /* Debug */,
				048B392D1C999E8700D50563 /* Release */,
			);
			defaultConfigurationIsVisible = 0;
			defaultConfigurationName = Release;
		};
		048B392E1C999E8700D50563 /* Build configuration list for PBXNativeTarget "ZKCLineChartView" */ = {
			isa = XCConfigurationList;
			buildConfigurations = (
				048B392F1C999E8700D50563 /* Debug */,
				048B39301C999E8700D50563 /* Release */,
			);
			defaultConfigurationIsVisible = 0;
		};
/* End XCConfigurationList section */
	};
	rootObject = 048B391D1C999E8700D50563 /* Project object */;
}
